
Microsoft Visual Studio Solution File, Format Version 12.00
# Visual Studio Version 16
VisualStudioVersion = 16.0.31911.196
MinimumVisualStudioVersion = 10.0.40219.1
Project("{9A19103F-16F7-4668-BE54-9A1E7A4F7556}") = "BoletoBradescoPGE", "BoletoBradescoPGE\BoletoBradescoPGE.csproj", "{7835E247-15B2-4789-BEAB-104EEE2A7B56}"
EndProject
Global
	GlobalSection(SolutionConfigurationPlatforms) = preSolution
		Debug|Any CPU = Debug|Any CPU
		Release|Any CPU = Release|Any CPU
	EndGlobalSection
	GlobalSection(ProjectConfigurationPlatforms) = postSolution
		{7835E247-15B2-4789-BEAB-104EEE2A7B56}.Debug|Any CPU.ActiveCfg = Debug|Any CPU
		{7835E247-15B2-4789-BEAB-104EEE2A7B56}.Debug|Any CPU.Build.0 = Debug|Any CPU
		{7835E247-15B2-4789-BEAB-104EEE2A7B56}.Release|Any CPU.ActiveCfg = Release|Any CPU
		{7835E247-15B2-4789-BEAB-104EEE2A7B56}.Release|Any CPU.Build.0 = Release|Any CPU
	EndGlobalSection
	GlobalSection(SolutionProperties) = preSolution
		HideSolutionNode = FALSE
	EndGlobalSection
	GlobalSection(ExtensibilityGlobals) = postSolution
		SolutionGuid = {B3F3B88E-789C-49EA-ACFC-560F1B5FA42D}
	EndGlobalSection
EndGlobal
